lockfileVersion: '9.0'

settings:
  autoInstallPeers: true
  excludeLinksFromLockfile: false

importers:

  .:
    dependencies:
      '@types/mustache':
        specifier: ^4.2.6
        version: 4.2.6
      colors:
        specifier: ^1.4.0
        version: 1.4.0
      commander:
        specifier: ^14.0.0
        version: 14.0.0
      mustache:
        specifier: ^4.2.0
        version: 4.2.0
      twig:
        specifier: ^1.17.1
        version: 1.17.1
    devDependencies:
      '@types/node':
        specifier: ^24.2.0
        version: 24.2.0
      ts-node:
        specifier: ^10.9.2
        version: 10.9.2(@types/node@24.2.0)(typescript@5.9.2)
      typescript:
        specifier: ^5.9.2
        version: 5.9.2

packages:

  '@babel/runtime@7.28.2':
    resolution: {integrity: sha512-KHp2IflsnGywDjBWDkR9iEqiWSpc8GIi0lgTT3mOElT0PP1tG26P4tmFI2YvAdzgq9RGyoHZQEIEdZy6Ec5xCA==}
    engines: {node: '>=6.9.0'}

  '@cspotcode/source-map-support@0.8.1':
    resolution: {integrity: sha512-IchNf6dN4tHoMFIn/7OE8LWZ19Y6q/67Bmf6vnGREv8RSbBVb9LPJxEcnwrcwX6ixSvaiGoomAUvu4YSxXrVgw==}
    engines: {node: '>=12'}

  '@jridgewell/resolve-uri@3.1.2':
    resolution: {integrity: sha512-bRISgCIjP20/tbWSPWMEi54QVPRZExkuD9lJL+UIxUKtwVJA8wW1Trb1jMs1RFXo1CBTNZ/5hpC9QvmKWdopKw==}
    engines: {node: '>=6.0.0'}

  '@jridgewell/sourcemap-codec@1.5.4':
    resolution: {integrity: sha512-VT2+G1VQs/9oz078bLrYbecdZKs912zQlkelYpuf+SXF+QvZDYJlbx/LSx+meSAwdDFnF8FVXW92AVjjkVmgFw==}

  '@jridgewell/trace-mapping@0.3.9':
    resolution: {integrity: sha512-3Belt6tdc8bPgAtbcmdtNJlirVoTmEb5e2gC94PnkwEW9jI6CAHUeoG85tjWP5WquqfavoMtMwiG4P926ZKKuQ==}

  '@tsconfig/node10@1.0.11':
    resolution: {integrity: sha512-DcRjDCujK/kCk/cUe8Xz8ZSpm8mS3mNNpta+jGCA6USEDfktlNvm1+IuZ9eTcDbNk41BHwpHHeW+N1lKCz4zOw==}

  '@tsconfig/node12@1.0.11':
    resolution: {integrity: sha512-cqefuRsh12pWyGsIoBKJA9luFu3mRxCA+ORZvA4ktLSzIuCUtWVxGIuXigEwO5/ywWFMZ2QEGKWvkZG1zDMTag==}

  '@tsconfig/node14@1.0.3':
    resolution: {integrity: sha512-ysT8mhdixWK6Hw3i1V2AeRqZ5WfXg1G43mqoYlM2nc6388Fq5jcXyr5mRsqViLx/GJYdoL0bfXD8nmF+Zn/Iow==}

  '@tsconfig/node16@1.0.4':
    resolution: {integrity: sha512-vxhUy4J8lyeyinH7Azl1pdd43GJhZH/tP2weN8TntQblOY+A0XbT8DJk1/oCPuOOyg/Ja757rG0CgHcWC8OfMA==}

  '@types/mustache@4.2.6':
    resolution: {integrity: sha512-t+8/QWTAhOFlrF1IVZqKnMRJi84EgkIK5Kh0p2JV4OLywUvCwJPFxbJAl7XAow7DVIHsF+xW9f1MVzg0L6Szjw==}

  '@types/node@24.2.0':
    resolution: {integrity: sha512-3xyG3pMCq3oYCNg7/ZP+E1ooTaGB4cG8JWRsqqOYQdbWNY4zbaV0Ennrd7stjiJEFZCaybcIgpTjJWHRfBSIDw==}

  acorn-walk@8.3.4:
    resolution: {integrity: sha512-ueEepnujpqee2o5aIYnvHU6C0A42MNdsIDeqy5BydrkuC5R1ZuUFnm27EeFJGoEHJQgn3uleRvmTXaJgfXbt4g==}
    engines: {node: '>=0.4.0'}

  acorn@8.15.0:
    resolution: {integrity: sha512-NZyJarBfL7nWwIq+FDL6Zp/yHEhePMNnnJ0y3qfieCrmNvYct8uvtiV41UvlSe6apAfk0fY1FbWx+NwfmpvtTg==}
    engines: {node: '>=0.4.0'}
    hasBin: true

  arg@4.1.3:
    resolution: {integrity: sha512-58S9QDqG0Xx27YwPSt9fJxivjYl432YCwfDMfZ+71RAqUrZef7LrKQZ3LHLOwCS4FLNBplP533Zx895SeOCHvA==}

  balanced-match@1.0.2:
    resolution: {integrity: sha512-3oSeUO0TMV67hN1AmbXsK4yaqU7tjiHlbxRDZOpH0KW9+CeX4bRAaX0Anxt0tx2MrpRpWwQaPwIlISEJhYU5Pw==}

  brace-expansion@1.1.12:
    resolution: {integrity: sha512-9T9UjW3r0UW5c1Q7GTwllptXwhvYmEzFhzMfZ9H7FQWt+uZePjZPjBP/W1ZEyZ1twGWom5/56TF4lPcqjnDHcg==}

  colors@1.4.0:
    resolution: {integrity: sha512-a+UqTh4kgZg/SlGvfbzDHpgRu7AAQOmmqRHJnxhRZICKFUT91brVhNNt58CMWU9PsBbv3PDCZUHbVxuDiH2mtA==}
    engines: {node: '>=0.1.90'}

  commander@14.0.0:
    resolution: {integrity: sha512-2uM9rYjPvyq39NwLRqaiLtWHyDC1FvryJDa2ATTVims5YAS4PupsEQsDvP14FqhFr0P49CYDugi59xaxJlTXRA==}
    engines: {node: '>=20'}

  concat-map@0.0.1:
    resolution: {integrity: sha512-/Srv4dswyQNBfohGpz9o6Yb3Gz3SrUDqBH5rTuhGR7ahtlbYKnVxw2bCFMRljaA7EXHaXZ8wsHdodFvbkhKmqg==}

  create-require@1.1.1:
    resolution: {integrity: sha512-dcKFX3jn0MpIaXjisoRvexIJVEKzaq7z2rZKxf+MSr9TkdmHmsU4m2lcLojrj/FHl8mk5VxMmYA+ftRkP/3oKQ==}

  diff@4.0.2:
    resolution: {integrity: sha512-58lmxKSA4BNyLz+HHMUzlOEpg09FV+ev6ZMe3vJihgdxzgcwZ8VoEEPmALCZG9LmqfVoNMMKpttIYTVG6uDY7A==}
    engines: {node: '>=0.3.1'}

  foreachasync@3.0.0:
    resolution: {integrity: sha512-J+ler7Ta54FwwNcx6wQRDhTIbNeyDcARMkOcguEqnEdtm0jKvN3Li3PDAb2Du3ubJYEWfYL83XMROXdsXAXycw==}

  locutus@2.0.32:
    resolution: {integrity: sha512-fr7OCpbE4xeefhHqfh6hM2/l9ZB3XvClHgtgFnQNImrM/nqL950o6FO98vmUH8GysfQRCcyBYtZ4C8GcY52Edw==}
    engines: {node: '>= 10', yarn: '>= 1'}

  make-error@1.3.6:
    resolution: {integrity: sha512-s8UhlNe7vPKomQhC1qFelMokr/Sc3AgNbso3n74mVPA5LTZwkB9NlXf4XPamLxJE8h0gh73rM94xvwRT2CVInw==}

  minimatch@3.0.8:
    resolution: {integrity: sha512-6FsRAQsxQ61mw+qP1ZzbL9Bc78x2p5OqNgNpnoAFLTrX8n5Kxph0CsnhmKKNXTWjXqU5L0pGPR7hYk+XWZr60Q==}

  mustache@4.2.0:
    resolution: {integrity: sha512-71ippSywq5Yb7/tVYyGbkBggbU8H3u5Rz56fH60jGFgr8uHwxs+aSKeqmluIVzM0m0kB7xQjKS6qPfd0b2ZoqQ==}
    hasBin: true

  ts-node@10.9.2:
    resolution: {integrity: sha512-f0FFpIdcHgn8zcPSbf1dRevwt047YMnaiJM3u2w2RewrB+fob/zePZcrOyQoLMMO7aBIddLcQIEK5dYjkLnGrQ==}
    hasBin: true
    peerDependencies:
      '@swc/core': '>=1.2.50'
      '@swc/wasm': '>=1.2.50'
      '@types/node': '*'
      typescript: '>=2.7'
    peerDependenciesMeta:
      '@swc/core':
        optional: true
      '@swc/wasm':
        optional: true

  twig@1.17.1:
    resolution: {integrity: sha512-atxccyr/BHtb1gPMA7Lvki0OuU17XBqHsNH9lzDHt9Rr1293EVZOosSZabEXz/DPVikIW8ZDqSkEddwyJnQN2w==}
    engines: {node: '>=10'}
    hasBin: true

  typescript@5.9.2:
    resolution: {integrity: sha512-CWBzXQrc/qOkhidw1OzBTQuYRbfyxDXJMVJ1XNwUHGROVmuaeiEm3OslpZ1RV96d7SKKjZKrSJu3+t/xlw3R9A==}
    engines: {node: '>=14.17'}
    hasBin: true

  undici-types@7.10.0:
    resolution: {integrity: sha512-t5Fy/nfn+14LuOc2KNYg75vZqClpAiqscVvMygNnlsHBFpSXdJaYtXMcdNLpl/Qvc3P2cB3s6lOV51nqsFq4ag==}

  v8-compile-cache-lib@3.0.1:
    resolution: {integrity: sha512-wa7YjyUGfNZngI/vtK0UHAN+lgDCxBPCylVXGp0zu59Fz5aiGtNXaq3DhIov063MorB+VfufLh3JlF2KdTK3xg==}

  walk@2.3.15:
    resolution: {integrity: sha512-4eRTBZljBfIISK1Vnt69Gvr2w/wc3U6Vtrw7qiN5iqYJPH7LElcYh/iU4XWhdCy2dZqv1ToMyYlybDylfG/5Vg==}

  yn@3.1.1:
    resolution: {integrity: sha512-Ux4ygGWsu2c7isFWe8Yu1YluJmqVhxqK2cLXNQA5AcC3QfbGNpM7fu0Y8b/z16pXLnFxZYvWhd3fhBY9DLmC6Q==}
    engines: {node: '>=6'}

snapshots:

  '@babel/runtime@7.28.2': {}

  '@cspotcode/source-map-support@0.8.1':
    dependencies:
      '@jridgewell/trace-mapping': 0.3.9

  '@jridgewell/resolve-uri@3.1.2': {}

  '@jridgewell/sourcemap-codec@1.5.4': {}

  '@jridgewell/trace-mapping@0.3.9':
    dependencies:
      '@jridgewell/resolve-uri': 3.1.2
      '@jridgewell/sourcemap-codec': 1.5.4

  '@tsconfig/node10@1.0.11': {}

  '@tsconfig/node12@1.0.11': {}

  '@tsconfig/node14@1.0.3': {}

  '@tsconfig/node16@1.0.4': {}

  '@types/mustache@4.2.6': {}

  '@types/node@24.2.0':
    dependencies:
      undici-types: 7.10.0

  acorn-walk@8.3.4:
    dependencies:
      acorn: 8.15.0

  acorn@8.15.0: {}

  arg@4.1.3: {}

  balanced-match@1.0.2: {}

  brace-expansion@1.1.12:
    dependencies:
      balanced-match: 1.0.2
      concat-map: 0.0.1

  colors@1.4.0: {}

  commander@14.0.0: {}

  concat-map@0.0.1: {}

  create-require@1.1.1: {}

  diff@4.0.2: {}

  foreachasync@3.0.0: {}

  locutus@2.0.32: {}

  make-error@1.3.6: {}

  minimatch@3.0.8:
    dependencies:
      brace-expansion: 1.1.12

  mustache@4.2.0: {}

  ts-node@10.9.2(@types/node@24.2.0)(typescript@5.9.2):
    dependencies:
      '@cspotcode/source-map-support': 0.8.1
      '@tsconfig/node10': 1.0.11
      '@tsconfig/node12': 1.0.11
      '@tsconfig/node14': 1.0.3
      '@tsconfig/node16': 1.0.4
      '@types/node': 24.2.0
      acorn: 8.15.0
      acorn-walk: 8.3.4
      arg: 4.1.3
      create-require: 1.1.1
      diff: 4.0.2
      make-error: 1.3.6
      typescript: 5.9.2
      v8-compile-cache-lib: 3.0.1
      yn: 3.1.1

  twig@1.17.1:
    dependencies:
      '@babel/runtime': 7.28.2
      locutus: 2.0.32
      minimatch: 3.0.8
      walk: 2.3.15

  typescript@5.9.2: {}

  undici-types@7.10.0: {}

  v8-compile-cache-lib@3.0.1: {}

  walk@2.3.15:
    dependencies:
      foreachasync: 3.0.0

  yn@3.1.1: {}
